
Microsoft Visual Studio Solution File, Format Version 12.00
# Visual Studio Version 16
VisualStudioVersion = 16.0.30320.27
MinimumVisualStudioVersion = 10.0.40219.1
Project("{FAE04EC0-301F-11D3-BF4B-00C04F79EFBC}") = "RadioweSystemyProjekt", "RadioweSystemyProjekt\RadioweSystemyProjekt.csproj", "{BA020DEB-6C14-48E9-85E5-30FEE4649EC8}"
EndProject
Project("{FAE04EC0-301F-11D3-BF4B-00C04F79EFBC}") = "Tests", "Tests\Tests.csproj", "{B1020C0D-91A7-4DDE-9F3D-6AF94294F105}"
EndProject
Global
	GlobalSection(SolutionConfigurationPlatforms) = preSolution
		Debug|Any CPU = Debug|Any CPU
		Release|Any CPU = Release|Any CPU
	EndGlobalSection
	GlobalSection(ProjectConfigurationPlatforms) = postSolution
		{BA020DEB-6C14-48E9-85E5-30FEE4649EC8}.Debug|Any CPU.ActiveCfg = Debug|Any CPU
		{BA020DEB-6C14-48E9-85E5-30FEE4649EC8}.Debug|Any CPU.Build.0 = Debug|Any CPU
		{BA020DEB-6C14-48E9-85E5-30FEE4649EC8}.Release|Any CPU.ActiveCfg = Release|Any CPU
		{BA020DEB-6C14-48E9-85E5-30FEE4649EC8}.Release|Any CPU.Build.0 = Release|Any CPU
		{B1020C0D-91A7-4DDE-9F3D-6AF94294F105}.Debug|Any CPU.ActiveCfg = Debug|Any CPU
		{B1020C0D-91A7-4DDE-9F3D-6AF94294F105}.Debug|Any CPU.Build.0 = Debug|Any CPU
		{B1020C0D-91A7-4DDE-9F3D-6AF94294F105}.Release|Any CPU.ActiveCfg = Release|Any CPU
		{B1020C0D-91A7-4DDE-9F3D-6AF94294F105}.Release|Any CPU.Build.0 = Release|Any CPU
	EndGlobalSection
	GlobalSection(SolutionProperties) = preSolution
		HideSolutionNode = FALSE
	EndGlobalSection
	GlobalSection(ExtensibilityGlobals) = postSolution
		SolutionGuid = {35C2045F-2C2D-4BB9-9B70-8CA8902F7B6B}
	EndGlobalSection
EndGlobal
